
Microsoft Visual Studio Solution File, Format Version 12.00
# Visual Studio 15
VisualStudioVersion = 15.0.26403.7
MinimumVisualStudioVersion = 10.0.40219.1
Project("{FAE04EC0-301F-11D3-BF4B-00C04F79EFBC}") = "Client", "Client\Client.csproj", "{AC198A6F-A9C9-4725-97F3-C58747B6714A}"
EndProject
Project("{FAE04EC0-301F-11D3-BF4B-00C04F79EFBC}") = "Server", "Server\Server.csproj", "{040EFB71-EC37-4558-86DC-9D4B22DBB64C}"
EndProject
Global
	GlobalSection(SolutionConfigurationPlatforms) = preSolution
		Debug|Any CPU = Debug|Any CPU
		Release|Any CPU = Release|Any CPU
	EndGlobalSection
	GlobalSection(ProjectConfigurationPlatforms) = postSolution
		{AC198A6F-A9C9-4725-97F3-C58747B6714A}.Debug|Any CPU.ActiveCfg = Debug|Any CPU
		{AC198A6F-A9C9-4725-97F3-C58747B6714A}.Debug|Any CPU.Build.0 = Debug|Any CPU
		{AC198A6F-A9C9-4725-97F3-C58747B6714A}.Release|Any CPU.ActiveCfg = Release|Any CPU
		{AC198A6F-A9C9-4725-97F3-C58747B6714A}.Release|Any CPU.Build.0 = Release|Any CPU
		{040EFB71-EC37-4558-86DC-9D4B22DBB64C}.Debug|Any CPU.ActiveCfg = Debug|Any CPU
		{040EFB71-EC37-4558-86DC-9D4B22DBB64C}.Debug|Any CPU.Build.0 = Debug|Any CPU
		{040EFB71-EC37-4558-86DC-9D4B22DBB64C}.Release|Any CPU.ActiveCfg = Release|Any CPU
		{040EFB71-EC37-4558-86DC-9D4B22DBB64C}.Release|Any CPU.Build.0 = Release|Any CPU
	EndGlobalSection
	GlobalSection(SolutionProperties) = preSolution
		HideSolutionNode = FALSE
	EndGlobalSection
EndGlobal
